{
  "object": {
    "pins": [
      {
        "package": "Conifer",
        "repositoryURL": "https://bitbucket.org/ctxppc/conifer.git",
        "state": {
          "branch": "development",
          "revision": "f5a9e496e50aaa3251a1b3f1c14b0215cd6d224d",
          "version": null
        }
      },
      {
        "package": "DepthKit",
        "repositoryURL": "https://github.com/ctxppc/DepthKit.git",
        "state": {
          "branch": null,
          "revision": "5a05be3926680a9fd99c411d41bfd95f835ec419",
          "version": "0.10.0"
        }
      },
      {
        "package": "swift-collections",
        "repositoryURL": "https://github.com/apple/swift-collections",
        "state": {
          "branch": null,
          "revision": "9d8719c8bebdc79740b6969c912ac706eb721d7a",
          "version": "0.0.7"
        }
      }
    ]
  },
  "version": 1
}
