{
  "pins" : [
    {
      "identity" : "conifer",
      "kind" : "remoteSourceControl",
      "location" : "https://bitbucket.org/ctxppc/conifer.git",
      "state" : {
        "branch" : "development",
        "revision" : "c568ee6d45e3f94563e475772f820c8e5c34f1f8"
      }
    },
    {
      "identity" : "depthkit",
      "kind" : "remoteSourceControl",
      "location" : "https://github.com/ctxppc/DepthKit",
      "state" : {
        "revision" : "5a05be3926680a9fd99c411d41bfd95f835ec419",
        "version" : "0.10.0"
      }
    },
    {
      "identity" : "swift-collections",
      "kind" : "remoteSourceControl",
      "location" : "https://github.com/apple/swift-collections",
      "state" : {
        "branch" : "main",
        "revision" : "ca8b4ab855f4b8075c1fd29eb50db756b1688e61"
      }
    },
    {
      "identity" : "swift-reflection-mirror",
      "kind" : "remoteSourceControl",
      "location" : "https://github.com/philipturner/swift-reflection-mirror",
      "state" : {
        "branch" : "main",
        "revision" : "a8f66fda2e8713955323483365fe711a56b91974"
      }
    },
    {
      "identity" : "swift-syntax",
      "kind" : "remoteSourceControl",
      "location" : "https://github.com/apple/swift-syntax",
      "state" : {
        "revision" : "64889f0c732f210a935a0ad7cda38f77f876262d",
        "version" : "509.1.1"
      }
    }
  ],
  "version" : 2
}
